version = 1
revision = 3
requires-python = ">=3.10"

[[package]]
name = "srt-translator"
version = "2.0.0"
source = { editable = "." }
dependencies = [
    { name = "tkinterdnd2" },
]

[package.metadata]
requires-dist = [{ name = "tkinterdnd2", specifier = ">=0.3.0" }]

[[package]]
name = "tkinterdnd2"
version = "0.6.2"
source = { registry = "https://pypi.org/simple" }
sdist = { url = "https://files.pythonhosted.org/packages/3b/68/a7400de3c15038522b00540480a1273809ad4680b941e9c5f82520b27f2f/tkinterdnd2-0.6.2.tar.gz", hash = "sha256:e015c2d863c9292e61d0294dea43010ff99c3cc9423e564676e04df413de9916", size = 729841, upload-time = "2026-07-05T00:05:21.316Z" }
wheels = [
    { url = "https://files.pythonhosted.org/packages/33/1b/039642c212c24887a941af706b006365f3733d88aab383f0cf151768403c/tkinterdnd2-0.6.2-py3-none-any.whl", hash = "sha256:b6a8b229d26286c022bb2fbd311c2e431e4d9bbab8133be80e9c98e7bcf9fe59", size = 811654, upload-time = "2026-07-05T00:05:19.682Z" },
]
